github.com/google/uuid v1.0.0/go.mod h1:TIyPZe4MgqvfeYDBFedMoGGpEw/LqOeaOT+nhxU+yHo=
github.com/google/uuid v1.1.2 h1:EVhdT+1Kseyi1/pUmXKaFxYsDNy9RQYkMWRH68J/W7Y=
github.com/google/uuid v1.1.2/go.mod h1:TIyPZe4MgqvfeYDBFedMoGGpEw/LqOeaOT+nhxU+yHo=
github.com/gorilla/mux v1.8.0 h1:i40aqfkR1h2SlN9hojwV5ZA91wcXFOvkdNIeFDP5koI=
github.com/gorilla/mux v1.8.0/go.mod h1:DVbg23sWSpFRCP0SfiEN6jmj59UnW/n46BH5rLB71So=
github.com/pborman/uuid v1.2.1 h1:+ZZIw58t/ozdjRaXh/3awHfmWRbzYxJoAdNJxe/3pvw=
github.com/pborman/uuid v1.2.1/go.mod h1:X/NO0urCmaxf9VXbdlT7C2Yzkj2IKimNn4k+gtPdI/k=
github.com/textmagic/textmagic-rest-go v0.0.0-20150929053809-461c1f376968 h1:zYv9bi1pALCK34taYbkki9PHBoYoVLZYWHKB3mIEbEY=
github.com/textmagic/textmagic-rest-go v0.0.0-20150929053809-461c1f376968/go.mod h1:ZqUrU/sp2+XVAXWTWW3GrAjc51SXVyKUmu+B4FYtjf4=
